
Microsoft Visual Studio Solution File, Format Version 12.00
# Visual Studio Version 16
VisualStudioVersion = 16.0.34031.81
MinimumVisualStudioVersion = 10.0.40219.1
Project("{8BC9CEB8-8B4A-11D0-8D11-00A0C91BC942}") = "Project1", "Project1\Project1.vcxproj", "{4AADEA2E-5FA2-4D89-B71D-41BB66942EC9}"
EndProject
Project("{8BC9CEB8-8B4A-11D0-8D11-00A0C91BC942}") = "UnitTest1", "UnitTest1\UnitTest1.vcxproj", "{6A436603-B1DB-4615-9DD8-8E7805F8891E}"
EndProject
Global
	GlobalSection(SolutionConfigurationPlatforms) = preSolution
		Debug|x64 = Debug|x64
		Debug|x86 = Debug|x86
		Release|x64 = Release|x64
		Release|x86 = Release|x86
	EndGlobalSection
	GlobalSection(ProjectConfigurationPlatforms) = postSolution
		{4AADEA2E-5FA2-4D89-B71D-41BB66942EC9}.Debug|x64.ActiveCfg = Debug|x64
		{4AADEA2E-5FA2-4D89-B71D-41BB66942EC9}.Debug|x64.Build.0 = Debug|x64
		{4AADEA2E-5FA2-4D89-B71D-41BB66942EC9}.Debug|x86.ActiveCfg = Debug|Win32
		{4AADEA2E-5FA2-4D89-B71D-41BB66942EC9}.Debug|x86.Build.0 = Debug|Win32
		{4AADEA2E-5FA2-4D89-B71D-41BB66942EC9}.Release|x64.ActiveCfg = Release|x64
		{4AADEA2E-5FA2-4D89-B71D-41BB66942EC9}.Release|x64.Build.0 = Release|x64
		{4AADEA2E-5FA2-4D89-B71D-41BB66942EC9}.Release|x86.ActiveCfg = Release|Win32
		{4AADEA2E-5FA2-4D89-B71D-41BB66942EC9}.Release|x86.Build.0 = Release|Win32
		{6A436603-B1DB-4615-9DD8-8E7805F8891E}.Debug|x64.ActiveCfg = Debug|x64
		{6A436603-B1DB-4615-9DD8-8E7805F8891E}.Debug|x64.Build.0 = Debug|x64
		{6A436603-B1DB-4615-9DD8-8E7805F8891E}.Debug|x86.ActiveCfg = Debug|Win32
		{6A436603-B1DB-4615-9DD8-8E7805F8891E}.Debug|x86.Build.0 = Debug|Win32
		{6A436603-B1DB-4615-9DD8-8E7805F8891E}.Release|x64.ActiveCfg = Release|x64
		{6A436603-B1DB-4615-9DD8-8E7805F8891E}.Release|x64.Build.0 = Release|x64
		{6A436603-B1DB-4615-9DD8-8E7805F8891E}.Release|x86.ActiveCfg = Release|Win32
		{6A436603-B1DB-4615-9DD8-8E7805F8891E}.Release|x86.Build.0 = Release|Win32
	EndGlobalSection
	GlobalSection(SolutionProperties) = preSolution
		HideSolutionNode = FALSE
	EndGlobalSection
	GlobalSection(ExtensibilityGlobals) = postSolution
		SolutionGuid = {FECA5FC4-2CA1-4E34-90AD-F04F962E086C}
	EndGlobalSection
EndGlobal
